
Microsoft Visual Studio Solution File, Format Version 12.00
# Visual Studio 15
VisualStudioVersion = 15.0.27703.2042
MinimumVisualStudioVersion = 10.0.40219.1
Project("{FAE04EC0-301F-11D3-BF4B-00C04F79EFBC}") = "TheseAreTottalyNotCults", "TheseAreTottalyNotCults\TheseAreTottalyNotCults.csproj", "{98482CBD-28E3-43AF-87F8-82920FEDE172}"
EndProject
Project("{FAE04EC0-301F-11D3-BF4B-00C04F79EFBC}") = "TheseAreTottalyNotCults.Tests", "TheseAreTottalyNotCults.Tests\TheseAreTottalyNotCults.Tests.csproj", "{C5594ED0-42C6-4B8E-AD91-7F488C1E1153}"
EndProject
Global
	GlobalSection(SolutionConfigurationPlatforms) = preSolution
		Debug|Any CPU = Debug|Any CPU
		Release|Any CPU = Release|Any CPU
	EndGlobalSection
	GlobalSection(ProjectConfigurationPlatforms) = postSolution
		{98482CBD-28E3-43AF-87F8-82920FEDE172}.Debug|Any CPU.ActiveCfg = Debug|Any CPU
		{98482CBD-28E3-43AF-87F8-82920FEDE172}.Debug|Any CPU.Build.0 = Debug|Any CPU
		{98482CBD-28E3-43AF-87F8-82920FEDE172}.Release|Any CPU.ActiveCfg = Release|Any CPU
		{98482CBD-28E3-43AF-87F8-82920FEDE172}.Release|Any CPU.Build.0 = Release|Any CPU
		{C5594ED0-42C6-4B8E-AD91-7F488C1E1153}.Debug|Any CPU.ActiveCfg = Debug|Any CPU
		{C5594ED0-42C6-4B8E-AD91-7F488C1E1153}.Debug|Any CPU.Build.0 = Debug|Any CPU
		{C5594ED0-42C6-4B8E-AD91-7F488C1E1153}.Release|Any CPU.ActiveCfg = Release|Any CPU
		{C5594ED0-42C6-4B8E-AD91-7F488C1E1153}.Release|Any CPU.Build.0 = Release|Any CPU
	EndGlobalSection
	GlobalSection(SolutionProperties) = preSolution
		HideSolutionNode = FALSE
	EndGlobalSection
	GlobalSection(ExtensibilityGlobals) = postSolution
		SolutionGuid = {4AB34FC6-1047-4236-9F7E-EB84A4612F8B}
	EndGlobalSection
EndGlobal
